
Microsoft Visual Studio Solution File, Format Version 12.00
# Visual Studio 15
VisualStudioVersion = 15.0.28307.705
MinimumVisualStudioVersion = 10.0.40219.1
Project("{FAE04EC0-301F-11D3-BF4B-00C04F79EFBC}") = "UIDesign_Connect_AdminPage", "UIDesign_Connect_AdminPage\UIDesign_Connect_AdminPage.csproj", "{F1AE9438-0321-4C91-AF47-1FD923723DC7}"
EndProject
Global
	GlobalSection(SolutionConfigurationPlatforms) = preSolution
		Debug|Any CPU = Debug|Any CPU
		Release|Any CPU = Release|Any CPU
	EndGlobalSection
	GlobalSection(ProjectConfigurationPlatforms) = postSolution
		{F1AE9438-0321-4C91-AF47-1FD923723DC7}.Debug|Any CPU.ActiveCfg = Debug|Any CPU
		{F1AE9438-0321-4C91-AF47-1FD923723DC7}.Debug|Any CPU.Build.0 = Debug|Any CPU
		{F1AE9438-0321-4C91-AF47-1FD923723DC7}.Release|Any CPU.ActiveCfg = Release|Any CPU
		{F1AE9438-0321-4C91-AF47-1FD923723DC7}.Release|Any CPU.Build.0 = Release|Any CPU
	EndGlobalSection
	GlobalSection(SolutionProperties) = preSolution
		HideSolutionNode = FALSE
	EndGlobalSection
	GlobalSection(ExtensibilityGlobals) = postSolution
		SolutionGuid = {DE9DBBE3-B799-4AB0-BEB9-61FFB621EC7D}
	EndGlobalSection
EndGlobal
